// !$*UTF8*$!
{
	archiveVersion = 1;
	classes = {
	};
	objectVersion = 46;
	objects = {

/* Begin PBXBuildFile section */
		A20A7FC11C2A5BF10065A3BA /* PlaySoundsViewController.swift in Sources */ = {isa = PBXBuildFile; fileRef = A20A7FC01C2A5BF10065A3BA /* PlaySoundsViewController.swift */; settings = {ASSET_TAGS = (); }; };
		A218C7681C28FB5400649539 /* AppDelegate.swift in Sources */ = {isa = PBXBuildFile; fileRef = A218C7671C28FB5400649539 /* AppDelegate.swift */; };
		A218C76A1C28FB5400649539 /* RecordSoundsViewController.swift in Sources */ = {isa = PBXBuildFile; fileRef = A218C7691C28FB5400649539 /* RecordSoundsViewController.swift */; };
		A218C76D1C28FB5400649539 /* Main.storyboard in Resources */ = {isa = PBXBuildFile; fileRef = A218C76B1C28FB5400649539 /* Main.storyboard */; };
		A218C76F1C28FB5400649539 /* Assets.xcassets in Resources */ = {isa = PBXBuildFile; fileRef = A218C76E1C28FB5400649539 /* Assets.xcassets */; };
		A218C7721C28FB5400649539 /* LaunchScreen.storyboard in Resources */ = {isa = PBXBuildFile; fileRef = A218C7701C28FB5400649539 /* LaunchScreen.storyboard */; };
		A218C77D1C28FB5500649539 /* Pitch_PerfectTests.swift in Sources */ = {isa = PBXBuildFile; fileRef = A218C77C1C28FB5500649539 /* Pitch_PerfectTests.swift */; };
		A218C7881C28FB5500649539 /* Pitch_PerfectUITests.swift in Sources */ = {isa = PBXBuildFile; fileRef = A218C7871C28FB5500649539 /* Pitch_PerfectUITests.swift */; };
		A21CAA0F1C2BA14900610C8A /* movie_quote.mp3 in Resources */ = {isa = PBXBuildFile; fileRef = A21CAA0E1C2BA14900610C8A /* movie_quote.mp3 */; settings = {ASSET_TAGS = (); }; };
		A2238A5B1C605A64005CED6C /* RecordedAudio.swift in Sources */ = {isa = PBXBuildFile; fileRef = A2238A5A1C605A64005CED6C /* RecordedAudio.swift */; settings = {ASSET_TAGS = (); }; };
/* End PBXBuildFile section */

/* Begin PBXContainerItemProxy section */
		A218C7791C28FB5500649539 /* PBXContainerItemProxy */ = {
			isa = PBXContainerItemProxy;
			containerPortal = A218C75C1C28FB5400649539 /* Project object */;
			proxyType = 1;
			remoteGlobalIDString = A218C7631C28FB5400649539;
			remoteInfo = "Pitch Perfect";
		};
		A218C7841C28FB5500649539 /* PBXContainerItemProxy */ = {
			isa = PBXContainerItemProxy;
			containerPortal = A218C75C1C28FB5400649539 /* Project object */;
			proxyType = 1;
			remoteGlobalIDString = A218C7631C28FB5400649539;
			remoteInfo = "Pitch Perfect";
		};
/* End PBXContainerItemProxy section */

/* Begin PBXFileReference section */
		A20A7FC01C2A5BF10065A3BA /* PlaySoundsViewController.swift */ = {isa = PBXFileReference; fileEncoding = 4; lastKnownFileType = sourcecode.swift; path = PlaySoundsViewController.swift; sourceTree = "<group>"; };
		A218C7641C28FB5400649539 /* Pitch Perfect.app */ = {isa = PBXFileReference; explicitFileType = wrapper.application; includeInIndex = 0; path = "Pitch Perfect.app"; sourceTree = BUILT_PRODUCTS_DIR; };
		A218C7671C28FB5400649539 /* AppDelegate.swift */ = {isa = PBXFileReference; lastKnownFileType = sourcecode.swift; path = AppDelegate.swift; sourceTree = "<group>"; };
		A218C7691C28FB5400649539 /* RecordSoundsViewController.swift */ = {isa = PBXFileReference; lastKnownFileType = sourcecode.swift; path = RecordSoundsViewController.swift; sourceTree = "<group>"; };
		A218C76C1C28FB5400649539 /* Base */ = {isa = PBXFileReference; lastKnownFileType = file.storyboard; name = Base; path = Base.lproj/Main.storyboard; sourceTree = "<group>"; };
		A218C76E1C28FB5400649539 /* Assets.xcassets */ = {isa = PBXFileReference; lastKnownFileType = folder.assetcatalog; path = Assets.xcassets; sourceTree = "<group>"; };
		A218C7711C28FB5400649539 /* Base */ = {isa = PBXFileReference; lastKnownFileType = file.storyboard; name = Base; path = Base.lproj/LaunchScreen.storyboard; sourceTree = "<group>"; };
		A218C7731C28FB5400649539 /* Info.plist */ = {isa = PBXFileReference; lastKnownFileType = text.plist.xml; path = Info.plist; sourceTree = "<group>"; };
		A218C7781C28FB5500649539 /* Pitch PerfectTests.xctest */ = {isa = PBXFileReference; explicitFileType = wrapper.cfbundle; includeInIndex = 0; path = "Pitch PerfectTests.xctest"; sourceTree = BUILT_PRODUCTS_DIR; };
		A218C77C1C28FB5500649539 /* Pitch_PerfectTests.swift */ = {isa = PBXFileReference; lastKnownFileType = sourcecode.swift; path = Pitch_PerfectTests.swift; sourceTree = "<group>"; };
		A218C77E1C28FB5500649539 /* Info.plist */ = {isa = PBXFileReference; lastKnownFileType = text.plist.xml; path = Info.plist; sourceTree = "<group>"; };
		A218C7831C28FB5500649539 /* Pitch PerfectUITests.xctest */ = {isa = PBXFileReference; explicitFileType = wrapper.cfbundle; includeInIndex = 0; path = "Pitch PerfectUITests.xctest"; sourceTree = BUILT_PRODUCTS_DIR; };
		A218C7871C28FB5500649539 /* Pitch_PerfectUITests.swift */ = {isa = PBXFileReference; lastKnownFileType = sourcecode.swift; path = Pitch_PerfectUITests.swift; sourceTree = "<group>"; };
		A218C7891C28FB5500649539 /* Info.plist */ = {isa = PBXFileReference; lastKnownFileType = text.plist.xml; path = Info.plist; sourceTree = "<group>"; };
		A21CAA0E1C2BA14900610C8A /* movie_quote.mp3 */ = {isa = PBXFileReference; lastKnownFileType = audio.mp3; name = movie_quote.mp3; path = ../../movie_quote.mp3; sourceTree = "<group>"; };
		A2238A5A1C605A64005CED6C /* RecordedAudio.swift */ = {isa = PBXFileReference; fileEncoding = 4; lastKnownFileType = sourcecode.swift; path = RecordedAudio.swift; sourceTree = "<group>"; };
/* End PBXFileReference section */

/* Begin PBXFrameworksBuildPhase section */
		A218C7611C28FB5400649539 /* Frameworks */ = {
			isa = PBXFrameworksBuildPhase;
			buildActionMask = 2147483647;
			files = (
			);
			runOnlyForDeploymentPostprocessing = 0;
		};
		A218C7751C28FB5500649539 /* Frameworks */ = {
			isa = PBXFrameworksBuildPhase;
			buildActionMask = 2147483647;
			files = (
			);
			runOnlyForDeploymentPostprocessing = 0;
		};
		A218C7801C28FB5500649539 /* Frameworks */ = {
			isa = PBXFrameworksBuildPhase;
			buildActionMask = 2147483647;
			files = (
			);
			runOnlyForDeploymentPostprocessing = 0;
		};
/* End PBXFrameworksBuildPhase section */

/* Begin PBXGroup section */
		A218C75B1C28FB5400649539 = {
			isa = PBXGroup;
			children = (
				A21CAA0D1C2BA12700610C8A /* Supporting Files */,
				A218C7661C28FB5400649539 /* Pitch Perfect */,
				A218C77B1C28FB5500649539 /* Pitch PerfectTests */,
				A218C7861C28FB5500649539 /* Pitch PerfectUITests */,
				A218C7651C28FB5400649539 /* Products */,
			);
			sourceTree = "<group>";
		};
		A218C7651C28FB5400649539 /* Products */ = {
			isa = PBXGroup;
			children = (
				A218C7641C28FB5400649539 /* Pitch Perfect.app */,
				A218C7781C28FB5500649539 /* Pitch PerfectTests.xctest */,
				A218C7831C28FB5500649539 /* Pitch PerfectUITests.xctest */,
			);
			name = Products;
			sourceTree = "<group>";
		};
		A218C7661C28FB5400649539 /* Pitch Perfect */ = {
			isa = PBXGroup;
			children = (
				A2238A591C605A2B005CED6C /* model */,
				A218C7671C28FB5400649539 /* AppDelegate.swift */,
				A218C7691C28FB5400649539 /* RecordSoundsViewController.swift */,
				A218C76B1C28FB5400649539 /* Main.storyboard */,
				A20A7FC01C2A5BF10065A3BA /* PlaySoundsViewController.swift */,
				A218C76E1C28FB5400649539 /* Assets.xcassets */,
				A218C7701C28FB5400649539 /* LaunchScreen.storyboard */,
				A218C7731C28FB5400649539 /* Info.plist */,
			);
			path = "Pitch Perfect";
			sourceTree = "<group>";
		};
		A218C77B1C28FB5500649539 /* Pitch PerfectTests */ = {
			isa = PBXGroup;
			children = (
				A218C77C1C28FB5500649539 /* Pitch_PerfectTests.swift */,
				A218C77E1C28FB5500649539 /* Info.plist */,
			);
			path = "Pitch PerfectTests";
			sourceTree = "<group>";
		};
		A218C7861C28FB5500649539 /* Pitch PerfectUITests */ = {
			isa = PBXGroup;
			children = (
				A218C7871C28FB5500649539 /* Pitch_PerfectUITests.swift */,
				A218C7891C28FB5500649539 /* Info.plist */,
			);
			path = "Pitch PerfectUITests";
			sourceTree = "<group>";
		};
		A21CAA0D1C2BA12700610C8A /* Supporting Files */ = {
			isa = PBXGroup;
			children = (
				A21CAA0E1C2BA14900610C8A /* movie_quote.mp3 */,
			);
			name = "Supporting Files";
			sourceTree = "<group>";
		};
		A2238A591C605A2B005CED6C /* model */ = {
			isa = PBXGroup;
			children = (
				A2238A5A1C605A64005CED6C /* RecordedAudio.swift */,
			);
			name = model;
			sourceTree = "<group>";
		};
/* End PBXGroup section */

/* Begin PBXNativeTarget section */
		A218C7631C28FB5400649539 /* Pitch Perfect */ = {
			isa = PBXNativeTarget;
			buildConfigurationList = A218C78C1C28FB5500649539 /* Build configuration list for PBXNativeTarget "Pitch Perfect" */;
			buildPhases = (
				A218C7601C28FB5400649539 /* Sources */,
				A218C7611C28FB5400649539 /* Frameworks */,
				A218C7621C28FB5400649539 /* Resources */,
			);
			buildRules = (
			);
			dependencies = (
			);
			name = "Pitch Perfect";
			productName = "Pitch Perfect";
			productReference = A218C7641C28FB5400649539 /* Pitch Perfect.app */;
			productType = "com.apple.product-type.application";
		};
		A218C7771C28FB5500649539 /* Pitch PerfectTests */ = {
			isa = PBXNativeTarget;
			buildConfigurationList = A218C78F1C28FB5500649539 /* Build configuration list for PBXNativeTarget "Pitch PerfectTests" */;
			buildPhases = (
				A218C7741C28FB5500649539 /* Sources */,
				A218C7751C28FB5500649539 /* Frameworks */,
				A218C7761C28FB5500649539 /* Resources */,
			);
			buildRules = (
			);
			dependencies = (
				A218C77A1C28FB5500649539 /* PBXTargetDependency */,
			);
			name = "Pitch PerfectTests";
			productName = "Pitch PerfectTests";
			productReference = A218C7781C28FB5500649539 /* Pitch PerfectTests.xctest */;
			productType = "com.apple.product-type.bundle.unit-test";
		};
		A218C7821C28FB5500649539 /* Pitch PerfectUITests */ = {
			isa = PBXNativeTarget;
			buildConfigurationList = A218C7921C28FB5500649539 /* Build configuration list for PBXNativeTarget "Pitch PerfectUITests" */;
			buildPhases = (
				A218C77F1C28FB5500649539 /* Sources */,
				A218C7801C28FB5500649539 /* Frameworks */,
				A218C7811C28FB5500649539 /* Resources */,
			);
			buildRules = (
			);
			dependencies = (
				A218C7851C28FB5500649539 /* PBXTargetDependency */,
			);
			name = "Pitch PerfectUITests";
			productName = "Pitch PerfectUITests";
			productReference = A218C7831C28FB5500649539 /* Pitch PerfectUITests.xctest */;
			productType = "com.apple.product-type.bundle.ui-testing";
		};
/* End PBXNativeTarget section */

/* Begin PBXProject section */
		A218C75C1C28FB5400649539 /* Project object */ = {
			isa = PBXProject;
			attributes = {
				LastUpgradeCheck = 0700;
				ORGANIZATIONNAME = "Abbas Aniefa";
				TargetAttributes = {
					A218C7631C28FB5400649539 = {
						CreatedOnToolsVersion = 7.0;
					};
					A218C7771C28FB5500649539 = {
						CreatedOnToolsVersion = 7.0;
						TestTargetID = A218C7631C28FB5400649539;
					};
					A218C7821C28FB5500649539 = {
						CreatedOnToolsVersion = 7.0;
						TestTargetID = A218C7631C28FB5400649539;
					};
				};
			};
			buildConfigurationList = A218C75F1C28FB5400649539 /* Build configuration list for PBXProject "Pitch Perfect" */;
			compatibilityVersion = "Xcode 3.2";
			developmentRegion = English;
			hasScannedForEncodings = 0;
			knownRegions = (
				en,
				Base,
			);
			mainGroup = A218C75B1C28FB5400649539;
			productRefGroup = A218C7651C28FB5400649539 /* Products */;
			projectDirPath = "";
			projectRoot = "";
			targets = (
				A218C7631C28FB5400649539 /* Pitch Perfect */,
				A218C7771C28FB5500649539 /* Pitch PerfectTests */,
				A218C7821C28FB5500649539 /* Pitch PerfectUITests */,
			);
		};
/* End PBXProject section */

/* Begin PBXResourcesBuildPhase section */
		A218C7621C28FB5400649539 /* Resources */ = {
			isa = PBXResourcesBuildPhase;
			buildActionMask = 2147483647;
			files = (
				A218C7721C28FB5400649539 /* LaunchScreen.storyboard in Resources */,
				A218C76F1C28FB5400649539 /* Assets.xcassets in Resources */,
				A21CAA0F1C2BA14900610C8A /* movie_quote.mp3 in Resources */,
				A218C76D1C28FB5400649539 /* Main.storyboard in Resources */,
			);
			runOnlyForDeploymentPostprocessing = 0;
		};
		A218C7761C28FB5500649539 /* Resources */ = {
			isa = PBXResourcesBuildPhase;
			buildActionMask = 2147483647;
			files = (
			);
			runOnlyForDeploymentPostprocessing = 0;
		};
		A218C7811C28FB5500649539 /* Resources */ = {
			isa = PBXResourcesBuildPhase;
			buildActionMask = 2147483647;
			files = (
			);
			runOnlyForDeploymentPostprocessing = 0;
		};
/* End PBXResourcesBuildPhase section */

/* Begin PBXSourcesBuildPhase section */
		A218C7601C28FB5400649539 /* Sources */ = {
			isa = PBXSourcesBuildPhase;
			buildActionMask = 2147483647;
			files = (
				A2238A5B1C605A64005CED6C /* RecordedAudio.swift in Sources */,
				A218C76A1C28FB5400649539 /* RecordSoundsViewController.swift in Sources */,
				A20A7FC11C2A5BF10065A3BA /* PlaySoundsViewController.swift in Sources */,
				A218C7681C28FB5400649539 /* AppDelegate.swift in Sources */,
			);
			runOnlyForDeploymentPostprocessing = 0;
		};
		A218C7741C28FB5500649539 /* Sources */ = {
			isa = PBXSourcesBuildPhase;
			buildActionMask = 2147483647;
			files = (
				A218C77D1C28FB5500649539 /* Pitch_PerfectTests.swift in Sources */,
			);
			runOnlyForDeploymentPostprocessing = 0;
		};
		A218C77F1C28FB5500649539 /* Sources */ = {
			isa = PBXSourcesBuildPhase;
			buildActionMask = 2147483647;
			files = (
				A218C7881C28FB5500649539 /* Pitch_PerfectUITests.swift in Sources */,
			);
			runOnlyForDeploymentPostprocessing = 0;
		};
/* End PBXSourcesBuildPhase section */

/* Begin PBXTargetDependency section */
		A218C77A1C28FB5500649539 /* PBXTargetDependency */ = {
			isa = PBXTargetDependency;
			target = A218C7631C28FB5400649539 /* Pitch Perfect */;
			targetProxy = A218C7791C28FB5500649539 /* PBXContainerItemProxy */;
		};
		A218C7851C28FB5500649539 /* PBXTargetDependency */ = {
			isa = PBXTargetDependency;
			target = A218C7631C28FB5400649539 /* Pitch Perfect */;
			targetProxy = A218C7841C28FB5500649539 /* PBXContainerItemProxy */;
		};
/* End PBXTargetDependency section */

/* Begin PBXVariantGroup section */
		A218C76B1C28FB5400649539 /* Main.storyboard */ = {
			isa = PBXVariantGroup;
			children = (
				A218C76C1C28FB5400649539 /* Base */,
			);
			name = Main.storyboard;
			sourceTree = "<group>";
		};
		A218C7701C28FB5400649539 /* LaunchScreen.storyboard */ = {
			isa = PBXVariantGroup;
			children = (
				A218C7711C28FB5400649539 /* Base */,
			);
			name = LaunchScreen.storyboard;
			sourceTree = "<group>";
		};
/* End PBXVariantGroup section */

/* Begin XCBuildConfiguration section */
		A218C78A1C28FB5500649539 /* Debug */ = {
			isa = XCBuildConfiguration;
			buildSettings = {
				ALWAYS_SEARCH_USER_PATHS = NO;
				CLANG_CXX_LANGUAGE_STANDARD = "gnu++0x";
				CLANG_CXX_LIBRARY = "libc++";
				CLANG_ENABLE_MODULES = YES;
				CLANG_ENABLE_OBJC_ARC = YES;
				CLANG_WARN_BOOL_CONVERSION = YES;
				CLANG_WARN_CONSTANT_CONVERSION = YES;
				CLANG_WARN_DIRECT_OBJC_ISA_USAGE = YES_ERROR;
				CLANG_WARN_EMPTY_BODY = YES;
				CLANG_WARN_ENUM_CONVERSION = YES;
				CLANG_WARN_INT_CONVERSION = YES;
				CLANG_WARN_OBJC_ROOT_CLASS = YES_ERROR;
				CLANG_WARN_UNREACHABLE_CODE = YES;
				CLANG_WARN__DUPLICATE_METHOD_MATCH = YES;
				"CODE_SIGN_IDENTITY[sdk=iphoneos*]" = "iPhone Developer";
				COPY_PHASE_STRIP = NO;
				DEBUG_INFORMATION_FORMAT = dwarf;
				ENABLE_STRICT_OBJC_MSGSEND = YES;
				ENABLE_TESTABILITY = YES;
				GCC_C_LANGUAGE_STANDARD = gnu99;
				GCC_DYNAMIC_NO_PIC = NO;
				GCC_NO_COMMON_BLOCKS = YES;
				GCC_OPTIMIZATION_LEVEL = 0;
				GCC_PREPROCESSOR_DEFINITIONS = (
					"DEBUG=1",
					"$(inherited)",
				);
				GCC_WARN_64_TO_32_BIT_CONVERSION = YES;
				GCC_WARN_ABOUT_RETURN_TYPE = YES_ERROR;
				GCC_WARN_UNDECLARED_SELECTOR = YES;
				GCC_WARN_UNINITIALIZED_AUTOS = YES_AGGRESSIVE;
				GCC_WARN_UNUSED_FUNCTION = YES;
				GCC_WARN_UNUSED_VARIABLE = YES;
				IPHONEOS_DEPLOYMENT_TARGET = 9.0;
				MTL_ENABLE_DEBUG_INFO = YES;
				ONLY_ACTIVE_ARCH = YES;
				SDKROOT = iphoneos;
				SWIFT_OPTIMIZATION_LEVEL = "-Onone";
			};
			name = Debug;
		};
		A218C78B1C28FB5500649539 /* Release */ = {
			isa = XCBuildConfiguration;
			buildSettings = {
				ALWAYS_SEARCH_USER_PATHS = NO;
				CLANG_CXX_LANGUAGE_STANDARD = "gnu++0x";
				CLANG_CXX_LIBRARY = "libc++";
				CLANG_ENABLE_MODULES = YES;
				CLANG_ENABLE_OBJC_ARC = YES;
				CLANG_WARN_BOOL_CONVERSION = YES;
				CLANG_WARN_CONSTANT_CONVERSION = YES;
				CLANG_WARN_DIRECT_OBJC_ISA_USAGE = YES_ERROR;
				CLANG_WARN_EMPTY_BODY = YES;
				CLANG_WARN_ENUM_CONVERSION = YES;
				CLANG_WARN_INT_CONVERSION = YES;
				CLANG_WARN_OBJC_ROOT_CLASS = YES_ERROR;
				CLANG_WARN_UNREACHABLE_CODE = YES;
				CLANG_WARN__DUPLICATE_METHOD_MATCH = YES;
				"CODE_SIGN_IDENTITY[sdk=iphoneos*]" = "iPhone Developer";
				COPY_PHASE_STRIP = NO;
				DEBUG_INFORMATION_FORMAT = "dwarf-with-dsym";
				ENABLE_NS_ASSERTIONS = NO;
				ENABLE_STRICT_OBJC_MSGSEND = YES;
				GCC_C_LANGUAGE_STANDARD = gnu99;
				GCC_NO_COMMON_BLOCKS = YES;
				GCC_WARN_64_TO_32_BIT_CONVERSION = YES;
				GCC_WARN_ABOUT_RETURN_TYPE = YES_ERROR;
				GCC_WARN_UNDECLARED_SELECTOR = YES;
				GCC_WARN_UNINITIALIZED_AUTOS = YES_AGGRESSIVE;
				GCC_WARN_UNUSED_FUNCTION = YES;
				GCC_WARN_UNUSED_VARIABLE = YES;
				IPHONEOS_DEPLOYMENT_TARGET = 9.0;
				MTL_ENABLE_DEBUG_INFO = NO;
				SDKROOT = iphoneos;
				VALIDATE_PRODUCT = YES;
			};
			name = Release;
		};
		A218C78D1C28FB5500649539 /* Debug */ = {
			isa = XCBuildConfiguration;
			buildSettings = {
				ASSETCATALOG_COMPILER_APPICON_NAME = AppIcon;
				INFOPLIST_FILE = "Pitch Perfect/Info.plist";
				LD_RUNPATH_SEARCH_PATHS = "$(inherited) @executable_path/Frameworks";
				PRODUCT_BUNDLE_IDENTIFIER = "com.ivymobility.Pitch-Perfect";
				PRODUCT_NAME = "$(TARGET_NAME)";
			};
			name = Debug;
		};
		A218C78E1C28FB5500649539 /* Release */ = {
			isa = XCBuildConfiguration;
			buildSettings = {
				ASSETCATALOG_COMPILER_APPICON_NAME = AppIcon;
				INFOPLIST_FILE = "Pitch Perfect/Info.plist";
				LD_RUNPATH_SEARCH_PATHS = "$(inherited) @executable_path/Frameworks";
				PRODUCT_BUNDLE_IDENTIFIER = "com.ivymobility.Pitch-Perfect";
				PRODUCT_NAME = "$(TARGET_NAME)";
			};
			name = Release;
		};
		A218C7901C28FB5500649539 /* Debug */ = {
			isa = XCBuildConfiguration;
			buildSettings = {
				BUNDLE_LOADER = "$(TEST_HOST)";
				INFOPLIST_FILE = "Pitch PerfectTests/Info.plist";
				LD_RUNPATH_SEARCH_PATHS = "$(inherited) @executable_path/Frameworks @loader_path/Frameworks";
				PRODUCT_BUNDLE_IDENTIFIER = "com.ivymobility.Pitch-PerfectTests";
				PRODUCT_NAME = "$(TARGET_NAME)";
				TEST_HOST = "$(BUILT_PRODUCTS_DIR)/Pitch Perfect.app/Pitch Perfect";
			};
			name = Debug;
		};
		A218C7911C28FB5500649539 /* Release */ = {
			isa = XCBuildConfiguration;
			buildSettings = {
				BUNDLE_LOADER = "$(TEST_HOST)";
				INFOPLIST_FILE = "Pitch PerfectTests/Info.plist";
				LD_RUNPATH_SEARCH_PATHS = "$(inherited) @executable_path/Frameworks @loader_path/Frameworks";
				PRODUCT_BUNDLE_IDENTIFIER = "com.ivymobility.Pitch-PerfectTests";
				PRODUCT_NAME = "$(TARGET_NAME)";
				TEST_HOST = "$(BUILT_PRODUCTS_DIR)/Pitch Perfect.app/Pitch Perfect";
			};
			name = Release;
		};
		A218C7931C28FB5500649539 /* Debug */ = {
			isa = XCBuildConfiguration;
			buildSettings = {
				INFOPLIST_FILE = "Pitch PerfectUITests/Info.plist";
				LD_RUNPATH_SEARCH_PATHS = "$(inherited) @executable_path/Frameworks @loader_path/Frameworks";
				PRODUCT_BUNDLE_IDENTIFIER = "com.ivymobility.Pitch-PerfectUITests";
				PRODUCT_NAME = "$(TARGET_NAME)";
				TEST_TARGET_NAME = "Pitch Perfect";
				USES_XCTRUNNER = YES;
			};
			name = Debug;
		};
		A218C7941C28FB5500649539 /* Release */ = {
			isa = XCBuildConfiguration;
			buildSettings = {
				INFOPLIST_FILE = "Pitch PerfectUITests/Info.plist";
				LD_RUNPATH_SEARCH_PATHS = "$(inherited) @executable_path/Frameworks @loader_path/Frameworks";
				PRODUCT_BUNDLE_IDENTIFIER = "com.ivymobility.Pitch-PerfectUITests";
				PRODUCT_NAME = "$(TARGET_NAME)";
				TEST_TARGET_NAME = "Pitch Perfect";
				USES_XCTRUNNER = YES;
			};
			name = Release;
		};
/* End XCBuildConfiguration section */

/* Begin XCConfigurationList section */
		A218C75F1C28FB5400649539 /* Build configuration list for PBXProject "Pitch Perfect" */ = {
			isa = XCConfigurationList;
			buildConfigurations = (
				A218C78A1C28FB5500649539 /* Debug */,
				A218C78B1C28FB5500649539 /* Release */,
			);
			defaultConfigurationIsVisible = 0;
			defaultConfigurationName = Release;
		};
		A218C78C1C28FB5500649539 /* Build configuration list for PBXNativeTarget "Pitch Perfect" */ = {
			isa = XCConfigurationList;
			buildConfigurations = (
				A218C78D1C28FB5500649539 /* Debug */,
				A218C78E1C28FB5500649539 /* Release */,
			);
			defaultConfigurationIsVisible = 0;
			defaultConfigurationName = Release;
		};
		A218C78F1C28FB5500649539 /* Build configuration list for PBXNativeTarget "Pitch PerfectTests" */ = {
			isa = XCConfigurationList;
			buildConfigurations = (
				A218C7901C28FB5500649539 /* Debug */,
				A218C7911C28FB5500649539 /* Release */,
			);
			defaultConfigurationIsVisible = 0;
			defaultConfigurationName = Release;
		};
		A218C7921C28FB5500649539 /* Build configuration list for PBXNativeTarget "Pitch PerfectUITests" */ = {
			isa = XCConfigurationList;
			buildConfigurations = (
				A218C7931C28FB5500649539 /* Debug */,
				A218C7941C28FB5500649539 /* Release */,
			);
			defaultConfigurationIsVisible = 0;
			defaultConfigurationName = Release;
		};
/* End XCConfigurationList section */
	};
	rootObject = A218C75C1C28FB5400649539 /* Project object */;
}
